
Microsoft Visual Studio Solution File, Format Version 12.00
# Visual Studio Version 17
VisualStudioVersion = 17.3.32825.248
MinimumVisualStudioVersion = 10.0.40219.1
Project("{FAE04EC0-301F-11D3-BF4B-00C04F79EFBC}") = "3B_Pavlíček_Václav", "3B_Pavlíček_Václav\3B_Pavlíček_Václav.csproj", "{117A7E1A-6BAE-4242-A22F-7389F649FB05}"
EndProject
Global
	GlobalSection(SolutionConfigurationPlatforms) = preSolution
		Debug|Any CPU = Debug|Any CPU
		Release|Any CPU = Release|Any CPU
	EndGlobalSection
	GlobalSection(ProjectConfigurationPlatforms) = postSolution
		{117A7E1A-6BAE-4242-A22F-7389F649FB05}.Debug|Any CPU.ActiveCfg = Debug|Any CPU
		{117A7E1A-6BAE-4242-A22F-7389F649FB05}.Debug|Any CPU.Build.0 = Debug|Any CPU
		{117A7E1A-6BAE-4242-A22F-7389F649FB05}.Release|Any CPU.ActiveCfg = Release|Any CPU
		{117A7E1A-6BAE-4242-A22F-7389F649FB05}.Release|Any CPU.Build.0 = Release|Any CPU
	EndGlobalSection
	GlobalSection(SolutionProperties) = preSolution
		HideSolutionNode = FALSE
	EndGlobalSection
	GlobalSection(ExtensibilityGlobals) = postSolution
		SolutionGuid = {EF3A1E82-D977-4D2B-832D-7BC5B20523BC}
	EndGlobalSection
EndGlobal
